lockfileVersion: '9.0'

settings:
  autoInstallPeers: true
  excludeLinksFromLockfile: false

importers:
  .:
    dependencies:
      pino:
        specifier: ^10.3.0
        version: 10.3.0
    devDependencies:
      turbo:
        specifier: ^2.8.0
        version: 2.8.0

packages:
  '@pinojs/redact@0.4.0':
    resolution:
      { integrity: sha512-k2ENnmBugE/rzQfEcdWHcCY+/FM3VLzH9cYEsbdsoqrvzAKRhUZeRNhAZvB8OitQJ1TBed3yqWtdjzS6wJKBwg== }

  atomic-sleep@1.0.0:
    resolution:
      { integrity: sha512-kNOjDqAh7px0XWNI+4QbzoiR/nTkHAWNud2uvnJquD1/x5a7EQZMJT0AczqK0Qn67oY/TTQ1LbUKajZpp3I9tQ== }
    engines: { node: '>=8.0.0' }

  on-exit-leak-free@2.1.2:
    resolution:
      { integrity: sha512-0eJJY6hXLGf1udHwfNftBqH+g73EU4B504nZeKpz1sYRKafAghwxEJunB2O7rDZkL4PGfsMVnTXZ2EjibbqcsA== }
    engines: { node: '>=14.0.0' }

  pino-abstract-transport@3.0.0:
    resolution:
      { integrity: sha512-wlfUczU+n7Hy/Ha5j9a/gZNy7We5+cXp8YL+X+PG8S0KXxw7n/JXA3c46Y0zQznIJ83URJiwy7Lh56WLokNuxg== }

  pino-std-serializers@7.1.0:
    resolution:
      { integrity: sha512-BndPH67/JxGExRgiX1dX0w1FvZck5Wa4aal9198SrRhZjH3GxKQUKIBnYJTdj2HDN3UQAS06HlfcSbQj2OHmaw== }

  pino@10.3.0:
    resolution:
      { integrity: sha512-0GNPNzHXBKw6U/InGe79A3Crzyk9bcSyObF9/Gfo9DLEf5qj5RF50RSjsu0W1rZ6ZqRGdzDFCRBQvi9/rSGPtA== }
    hasBin: true

  process-warning@5.0.0:
    resolution:
      { integrity: sha512-a39t9ApHNx2L4+HBnQKqxxHNs1r7KF+Intd8Q/g1bUh6q0WIp9voPXJ/x0j+ZL45KF1pJd9+q2jLIRMfvEshkA== }

  quick-format-unescaped@4.0.4:
    resolution:
      { integrity: sha512-tYC1Q1hgyRuHgloV/YXs2w15unPVh8qfu/qCTfhTYamaw7fyhumKa2yGpdSo87vY32rIclj+4fWYQXUMs9EHvg== }

  real-require@0.2.0:
    resolution:
      { integrity: sha512-57frrGM/OCTLqLOAh0mhVA9VBMHd+9U7Zb2THMGdBUoZVOtGbJzjxsYGDJ3A9AYYCP4hn6y1TVbaOfzWtm5GFg== }
    engines: { node: '>= 12.13.0' }

  safe-stable-stringify@2.5.0:
    resolution:
      { integrity: sha512-b3rppTKm9T+PsVCBEOUR46GWI7fdOs00VKZ1+9c1EWDaDMvjQc6tUwuFyIprgGgTcWoVHSKrU8H31ZHA2e0RHA== }
    engines: { node: '>=10' }

  sonic-boom@4.2.0:
    resolution:
      { integrity: sha512-INb7TM37/mAcsGmc9hyyI6+QR3rR1zVRu36B0NeGXKnOOLiZOfER5SA+N7X7k3yUYRzLWafduTDvJAfDswwEww== }

  split2@4.2.0:
    resolution:
      { integrity: sha512-UcjcJOWknrNkF6PLX83qcHM6KHgVKNkV62Y8a5uYDVv9ydGQVwAHMKqHdJje1VTWpljG0WYpCDhrCdAOYH4TWg== }
    engines: { node: '>= 10.x' }

  thread-stream@4.0.0:
    resolution:
      { integrity: sha512-4iMVL6HAINXWf1ZKZjIPcz5wYaOdPhtO8ATvZ+Xqp3BTdaqtAwQkNmKORqcIo5YkQqGXq5cwfswDwMqqQNrpJA== }
    engines: { node: '>=20' }

  turbo-darwin-64@2.8.0:
    resolution:
      { integrity: sha512-N7f4PYqz25yk8c5kituk09bJ89tE4wPPqKXgYccT6nbEQnGnrdvlyCHLyqViNObTgjjrddqjb1hmDkv7VcxE0g== }
    cpu: [x64]
    os: [darwin]

  turbo-darwin-arm64@2.8.0:
    resolution:
      { integrity: sha512-eVzejaP5fn51gmJAPW68U6mSjFaAZ26rPiE36mMdk+tMC4XBGmJHT/fIgrhcrXMvINCl27RF8VmguRe+MBlSuQ== }
    cpu: [arm64]
    os: [darwin]

  turbo-linux-64@2.8.0:
    resolution:
      { integrity: sha512-ILR45zviYae3icf4cmUISdj8X17ybNcMh3Ms4cRdJF5sS50qDDTv8qeWqO/lPeHsu6r43gVWDofbDZYVuXYL7Q== }
    cpu: [x64]
    os: [linux]

  turbo-linux-arm64@2.8.0:
    resolution:
      { integrity: sha512-z9pUa8ENFuHmadPfjEYMRWlXO82t1F/XBDx2XTg+cWWRZHf85FnEB6D4ForJn/GoKEEvwdPhFLzvvhOssom2ug== }
    cpu: [arm64]
    os: [linux]

  turbo-windows-64@2.8.0:
    resolution:
      { integrity: sha512-J6juRSRjmSErEqJCv7nVIq2DgZ2NHXqyeV8NQTFSyIvrThKiWe7FDOO6oYpuR06+C1NW82aoN4qQt4/gYvz25w== }
    cpu: [x64]
    os: [win32]

  turbo-windows-arm64@2.8.0:
    resolution:
      { integrity: sha512-qarBZvCu6uka35739TS+y/3CBU3zScrVAfohAkKHG+So+93Wn+5tKArs8HrO2fuTaGou8fMIeTV7V5NgzCVkSQ== }
    cpu: [arm64]
    os: [win32]

  turbo@2.8.0:
    resolution:
      { integrity: sha512-hYbxnLEdvJF+DLALS+Ia+PbfNtn0sDP0hH2u9AFoskSUDmcVHSrtwHpzdX94MrRJKo9D9tYxY3MyP20gnlrWyA== }
    hasBin: true

snapshots:
  '@pinojs/redact@0.4.0': {}

  atomic-sleep@1.0.0: {}

  on-exit-leak-free@2.1.2: {}

  pino-abstract-transport@3.0.0:
    dependencies:
      split2: 4.2.0

  pino-std-serializers@7.1.0: {}

  pino@10.3.0:
    dependencies:
      '@pinojs/redact': 0.4.0
      atomic-sleep: 1.0.0
      on-exit-leak-free: 2.1.2
      pino-abstract-transport: 3.0.0
      pino-std-serializers: 7.1.0
      process-warning: 5.0.0
      quick-format-unescaped: 4.0.4
      real-require: 0.2.0
      safe-stable-stringify: 2.5.0
      sonic-boom: 4.2.0
      thread-stream: 4.0.0

  process-warning@5.0.0: {}

  quick-format-unescaped@4.0.4: {}

  real-require@0.2.0: {}

  safe-stable-stringify@2.5.0: {}

  sonic-boom@4.2.0:
    dependencies:
      atomic-sleep: 1.0.0

  split2@4.2.0: {}

  thread-stream@4.0.0:
    dependencies:
      real-require: 0.2.0

  turbo-darwin-64@2.8.0:
    optional: true

  turbo-darwin-arm64@2.8.0:
    optional: true

  turbo-linux-64@2.8.0:
    optional: true

  turbo-linux-arm64@2.8.0:
    optional: true

  turbo-windows-64@2.8.0:
    optional: true

  turbo-windows-arm64@2.8.0:
    optional: true

  turbo@2.8.0:
    optionalDependencies:
      turbo-darwin-64: 2.8.0
      turbo-darwin-arm64: 2.8.0
      turbo-linux-64: 2.8.0
      turbo-linux-arm64: 2.8.0
      turbo-windows-64: 2.8.0
      turbo-windows-arm64: 2.8.0
